
Microsoft Visual Studio Solution File, Format Version 12.00
# Visual Studio 15
VisualStudioVersion = 15.0.28307.572
MinimumVisualStudioVersion = 10.0.40219.1
Project("{9A19103F-16F7-4668-BE54-9A1E7A4F7556}") = "MovieApi", "QuotesApi\MovieApi.csproj", "{7E5E181F-68A1-445F-85FC-FE3E48C6EE0A}"
EndProject
Global
	GlobalSection(SolutionConfigurationPlatforms) = preSolution
		Debug|Any CPU = Debug|Any CPU
		Release|Any CPU = Release|Any CPU
	EndGlobalSection
	GlobalSection(ProjectConfigurationPlatforms) = postSolution
		{7E5E181F-68A1-445F-85FC-FE3E48C6EE0A}.Debug|Any CPU.ActiveCfg = Debug|Any CPU
		{7E5E181F-68A1-445F-85FC-FE3E48C6EE0A}.Debug|Any CPU.Build.0 = Debug|Any CPU
		{7E5E181F-68A1-445F-85FC-FE3E48C6EE0A}.Release|Any CPU.ActiveCfg = Release|Any CPU
		{7E5E181F-68A1-445F-85FC-FE3E48C6EE0A}.Release|Any CPU.Build.0 = Release|Any CPU
	EndGlobalSection
	GlobalSection(SolutionProperties) = preSolution
		HideSolutionNode = FALSE
	EndGlobalSection
	GlobalSection(ExtensibilityGlobals) = postSolution
		SolutionGuid = {D16D0269-4C7E-4AE8-AE04-E92CF269E958}
	EndGlobalSection
EndGlobal
